{
  "name": "livekit-issue",
  "version": "1.0.0",
  "lockfileVersion": 2,
  "requires": true,
  "packages": {
    "": {
      "name": "livekit-issue",
      "version": "1.0.0",
      "license": "ISC",
      "dependencies": {
        "livekit-client": "^1.4.1",
        "typescript": "^4.8.4"
      }
    },
    "node_modules/@protobufjs/aspromise": {
      "version": "1.1.2",
      "resolved": "https://registry.npmjs.org/@protobufjs/aspromise/-/aspromise-1.1.2.tgz",
      "integrity": "sha512-j+gKExEuLmKwvz3OgROXtrJ2UG2x8Ch2YZUxahh+s1F2HZ+wAceUNLkvy6zKCPVRkU++ZWQrdxsUeQXmcg4uoQ=="
    },
    "node_modules/@protobufjs/base64": {
      "version": "1.1.2",
      "resolved": "https://registry.npmjs.org/@protobufjs/base64/-/base64-1.1.2.tgz",
      "integrity": "sha512-AZkcAA5vnN/v4PDqKyMR5lx7hZttPDgClv83E//FMNhR2TMcLUhfRUBHCmSl0oi9zMgDDqRUJkSxO3wm85+XLg=="
    },
    "node_modules/@protobufjs/codegen": {
      "version": "2.0.4",
      "resolved": "https://registry.npmjs.org/@protobufjs/codegen/-/codegen-2.0.4.tgz",
      "integrity": "sha512-YyFaikqM5sH0ziFZCN3xDC7zeGaB/d0IUb9CATugHWbd1FRFwWwt4ld4OYMPWu5a3Xe01mGAULCdqhMlPl29Jg=="
    },
    "node_modules/@protobufjs/eventemitter": {
      "version": "1.1.0",
      "resolved": "https://registry.npmjs.org/@protobufjs/eventemitter/-/eventemitter-1.1.0.tgz",
      "integrity": "sha512-j9ednRT81vYJ9OfVuXG6ERSTdEL1xVsNgqpkxMsbIabzSo3goCjDIveeGv5d03om39ML71RdmrGNjG5SReBP/Q=="
    },
    "node_modules/@protobufjs/fetch": {
      "version": "1.1.0",
      "resolved": "https://registry.npmjs.org/@protobufjs/fetch/-/fetch-1.1.0.tgz",
      "integrity": "sha512-lljVXpqXebpsijW71PZaCYeIcE5on1w5DlQy5WH6GLbFryLUrBD4932W/E2BSpfRJWseIL4v/KPgBFxDOIdKpQ==",
      "dependencies": {
        "@protobufjs/aspromise": "^1.1.1",
        "@protobufjs/inquire": "^1.1.0"
      }
    },
    "node_modules/@protobufjs/float": {
      "version": "1.0.2",
      "resolved": "https://registry.npmjs.org/@protobufjs/float/-/float-1.0.2.tgz",
      "integrity": "sha512-Ddb+kVXlXst9d+R9PfTIxh1EdNkgoRe5tOX6t01f1lYWOvJnSPDBlG241QLzcyPdoNTsblLUdujGSE4RzrTZGQ=="
    },
    "node_modules/@protobufjs/inquire": {
      "version": "1.1.0",
      "resolved": "https://registry.npmjs.org/@protobufjs/inquire/-/inquire-1.1.0.tgz",
      "integrity": "sha512-kdSefcPdruJiFMVSbn801t4vFK7KB/5gd2fYvrxhuJYg8ILrmn9SKSX2tZdV6V+ksulWqS7aXjBcRXl3wHoD9Q=="
    },
    "node_modules/@protobufjs/path": {
      "version": "1.1.2",
      "resolved": "https://registry.npmjs.org/@protobufjs/path/-/path-1.1.2.tgz",
      "integrity": "sha512-6JOcJ5Tm08dOHAbdR3GrvP+yUUfkjG5ePsHYczMFLq3ZmMkAD98cDgcT2iA1lJ9NVwFd4tH/iSSoe44YWkltEA=="
    },
    "node_modules/@protobufjs/pool": {
      "version": "1.1.0",
      "resolved": "https://registry.npmjs.org/@protobufjs/pool/-/pool-1.1.0.tgz",
      "integrity": "sha512-0kELaGSIDBKvcgS4zkjz1PeddatrjYcmMWOlAuAPwAeccUrPHdUqo/J6LiymHHEiJT5NrF1UVwxY14f+fy4WQw=="
    },
    "node_modules/@protobufjs/utf8": {
      "version": "1.1.0",
      "resolved": "https://registry.npmjs.org/@protobufjs/utf8/-/utf8-1.1.0.tgz",
      "integrity": "sha512-Vvn3zZrhQZkkBE8LSuW3em98c0FwgO4nxzv6OdSxPKJIEKY2bGbHn+mhGIPerzI4twdxaP8/0+06HBpwf345Lw=="
    },
    "node_modules/@types/node": {
      "version": "18.8.0",
      "resolved": "https://registry.npmjs.org/@types/node/-/node-18.8.0.tgz",
      "integrity": "sha512-u+h43R6U8xXDt2vzUaVP3VwjjLyOJk6uEciZS8OSyziUQGOwmk+l+4drxcsDboHXwyTaqS1INebghmWMRxq3LA=="
    },
    "node_modules/async-await-queue": {
      "version": "1.2.1",
      "resolved": "https://registry.npmjs.org/async-await-queue/-/async-await-queue-1.2.1.tgz",
      "integrity": "sha512-v2j+/EMzAnuJZ8I4570KJMFhi6G9g3WZyFh6cPnmQSJh3nLao77XpRt01kyFegQazPSKvue1yaIYDp/NfV/b0g=="
    },
    "node_modules/events": {
      "version": "3.3.0",
      "resolved": "https://registry.npmjs.org/events/-/events-3.3.0.tgz",
      "integrity": "sha512-mQw+2fkQbALzQ7V0MY0IqdnXNOeTtP4r0lN9z7AAawCXgqea7bDii20AYrIBrFd/Hx0M2Ocz6S111CaFkUcb0Q==",
      "engines": {
        "node": ">=0.8.x"
      }
    },
    "node_modules/livekit-client": {
      "version": "1.4.1",
      "resolved": "https://registry.npmjs.org/livekit-client/-/livekit-client-1.4.1.tgz",
      "integrity": "sha512-0k2Qx2cqQTr7v3Gg1Tet879b3ja1iF1BCk4oTv3n1zfAzROZvq5B1YFY29wIMVUKKXrZgL8VEkj9Fz2qcVrNOA==",
      "dependencies": {
        "async-await-queue": "^1.2.1",
        "events": "^3.3.0",
        "loglevel": "^1.8.0",
        "protobufjs": "^7.0.0",
        "sdp-transform": "^2.14.1",
        "ts-debounce": "^4.0.0",
        "typed-emitter": "^2.1.0",
        "ua-parser-js": "^1.0.2",
        "webrtc-adapter": "^8.1.1"
      }
    },
    "node_modules/loglevel": {
      "version": "1.8.0",
      "resolved": "https://registry.npmjs.org/loglevel/-/loglevel-1.8.0.tgz",
      "integrity": "sha512-G6A/nJLRgWOuuwdNuA6koovfEV1YpqqAG4pRUlFaz3jj2QNZ8M4vBqnVA+HBTmU/AMNUtlOsMmSpF6NyOjztbA==",
      "engines": {
        "node": ">= 0.6.0"
      },
      "funding": {
        "type": "tidelift",
        "url": "https://tidelift.com/funding/github/npm/loglevel"
      }
    },
    "node_modules/long": {
      "version": "5.2.0",
      "resolved": "https://registry.npmjs.org/long/-/long-5.2.0.tgz",
      "integrity": "sha512-9RTUNjK60eJbx3uz+TEGF7fUr29ZDxR5QzXcyDpeSfeH28S9ycINflOgOlppit5U+4kNTe83KQnMEerw7GmE8w=="
    },
    "node_modules/protobufjs": {
      "version": "7.1.2",
      "resolved": "https://registry.npmjs.org/protobufjs/-/protobufjs-7.1.2.tgz",
      "integrity": "sha512-4ZPTPkXCdel3+L81yw3dG6+Kq3umdWKh7Dc7GW/CpNk4SX3hK58iPCWeCyhVTDrbkNeKrYNZ7EojM5WDaEWTLQ==",
      "hasInstallScript": true,
      "dependencies": {
        "@protobufjs/aspromise": "^1.1.2",
        "@protobufjs/base64": "^1.1.2",
        "@protobufjs/codegen": "^2.0.4",
        "@protobufjs/eventemitter": "^1.1.0",
        "@protobufjs/fetch": "^1.1.0",
        "@protobufjs/float": "^1.0.2",
        "@protobufjs/inquire": "^1.1.0",
        "@protobufjs/path": "^1.1.2",
        "@protobufjs/pool": "^1.1.0",
        "@protobufjs/utf8": "^1.1.0",
        "@types/node": ">=13.7.0",
        "long": "^5.0.0"
      },
      "engines": {
        "node": ">=12.0.0"
      }
    },
    "node_modules/rxjs": {
      "version": "7.5.7",
      "resolved": "https://registry.npmjs.org/rxjs/-/rxjs-7.5.7.tgz",
      "integrity": "sha512-z9MzKh/UcOqB3i20H6rtrlaE/CgjLOvheWK/9ILrbhROGTweAi1BaFsTT9FbwZi5Trr1qNRs+MXkhmR06awzQA==",
      "optional": true,
      "dependencies": {
        "tslib": "^2.1.0"
      }
    },
    "node_modules/sdp": {
      "version": "3.0.3",
      "resolved": "https://registry.npmjs.org/sdp/-/sdp-3.0.3.tgz",
      "integrity": "sha512-8EkfckS+XZQaPLyChu4ey7PghrdcraCVNpJe2Gfdi2ON1ylQ7OasuKX+b37R9slnRChwIAiQgt+oj8xXGD8x+A=="
    },
    "node_modules/sdp-transform": {
      "version": "2.14.1",
      "resolved": "https://registry.npmjs.org/sdp-transform/-/sdp-transform-2.14.1.tgz",
      "integrity": "sha512-RjZyX3nVwJyCuTo5tGPx+PZWkDMCg7oOLpSlhjDdZfwUoNqG1mM8nyj31IGHyaPWXhjbP7cdK3qZ2bmkJ1GzRw==",
      "bin": {
        "sdp-verify": "checker.js"
      }
    },
    "node_modules/ts-debounce": {
      "version": "4.0.0",
      "resolved": "https://registry.npmjs.org/ts-debounce/-/ts-debounce-4.0.0.tgz",
      "integrity": "sha512-+1iDGY6NmOGidq7i7xZGA4cm8DAa6fqdYcvO5Z6yBevH++Bdo9Qt/mN0TzHUgcCcKv1gmh9+W5dHqz8pMWbCbg=="
    },
    "node_modules/tslib": {
      "version": "2.4.0",
      "resolved": "https://registry.npmjs.org/tslib/-/tslib-2.4.0.tgz",
      "integrity": "sha512-d6xOpEDfsi2CZVlPQzGeux8XMwLT9hssAsaPYExaQMuYskwb+x1x7J371tWlbBdWHroy99KnVB6qIkUbs5X3UQ==",
      "optional": true
    },
    "node_modules/typed-emitter": {
      "version": "2.1.0",
      "resolved": "https://registry.npmjs.org/typed-emitter/-/typed-emitter-2.1.0.tgz",
      "integrity": "sha512-g/KzbYKbH5C2vPkaXGu8DJlHrGKHLsM25Zg9WuC9pMGfuvT+X25tZQWo5fK1BjBm8+UrVE9LDCvaY0CQk+fXDA==",
      "optionalDependencies": {
        "rxjs": "*"
      }
    },
    "node_modules/typescript": {
      "version": "4.8.4",
      "resolved": "https://registry.npmjs.org/typescript/-/typescript-4.8.4.tgz",
      "integrity": "sha512-QCh+85mCy+h0IGff8r5XWzOVSbBO+KfeYrMQh7NJ58QujwcE22u+NUSmUxqF+un70P9GXKxa2HCNiTTMJknyjQ==",
      "bin": {
        "tsc": "bin/tsc",
        "tsserver": "bin/tsserver"
      },
      "engines": {
        "node": ">=4.2.0"
      }
    },
    "node_modules/ua-parser-js": {
      "version": "1.0.2",
      "resolved": "https://registry.npmjs.org/ua-parser-js/-/ua-parser-js-1.0.2.tgz",
      "integrity": "sha512-00y/AXhx0/SsnI51fTc0rLRmafiGOM4/O+ny10Ps7f+j/b8p/ZY11ytMgznXkOVo4GQ+KwQG5UQLkLGirsACRg==",
      "funding": [
        {
          "type": "opencollective",
          "url": "https://opencollective.com/ua-parser-js"
        },
        {
          "type": "paypal",
          "url": "https://paypal.me/faisalman"
        }
      ],
      "engines": {
        "node": "*"
      }
    },
    "node_modules/webrtc-adapter": {
      "version": "8.1.2",
      "resolved": "https://registry.npmjs.org/webrtc-adapter/-/webrtc-adapter-8.1.2.tgz",
      "integrity": "sha512-j1tsxKR/NmNgqrlLTL5jsNmFBrsIdTvBWZ2I1UAs/J37M1s1chLy1Fp7RfQHflHk3KoSNAxp/4y6ictHJ8prSw==",
      "dependencies": {
        "sdp": "^3.0.2"
      },
      "engines": {
        "node": ">=6.0.0",
        "npm": ">=3.10.0"
      }
    }
  },
  "dependencies": {
    "@protobufjs/aspromise": {
      "version": "1.1.2",
      "resolved": "https://registry.npmjs.org/@protobufjs/aspromise/-/aspromise-1.1.2.tgz",
      "integrity": "sha512-j+gKExEuLmKwvz3OgROXtrJ2UG2x8Ch2YZUxahh+s1F2HZ+wAceUNLkvy6zKCPVRkU++ZWQrdxsUeQXmcg4uoQ=="
    },
    "@protobufjs/base64": {
      "version": "1.1.2",
      "resolved": "https://registry.npmjs.org/@protobufjs/base64/-/base64-1.1.2.tgz",
      "integrity": "sha512-AZkcAA5vnN/v4PDqKyMR5lx7hZttPDgClv83E//FMNhR2TMcLUhfRUBHCmSl0oi9zMgDDqRUJkSxO3wm85+XLg=="
    },
    "@protobufjs/codegen": {
      "version": "2.0.4",
      "resolved": "https://registry.npmjs.org/@protobufjs/codegen/-/codegen-2.0.4.tgz",
      "integrity": "sha512-YyFaikqM5sH0ziFZCN3xDC7zeGaB/d0IUb9CATugHWbd1FRFwWwt4ld4OYMPWu5a3Xe01mGAULCdqhMlPl29Jg=="
    },
    "@protobufjs/eventemitter": {
      "version": "1.1.0",
      "resolved": "https://registry.npmjs.org/@protobufjs/eventemitter/-/eventemitter-1.1.0.tgz",
      "integrity": "sha512-j9ednRT81vYJ9OfVuXG6ERSTdEL1xVsNgqpkxMsbIabzSo3goCjDIveeGv5d03om39ML71RdmrGNjG5SReBP/Q=="
    },
    "@protobufjs/fetch": {
      "version": "1.1.0",
      "resolved": "https://registry.npmjs.org/@protobufjs/fetch/-/fetch-1.1.0.tgz",
      "integrity": "sha512-lljVXpqXebpsijW71PZaCYeIcE5on1w5DlQy5WH6GLbFryLUrBD4932W/E2BSpfRJWseIL4v/KPgBFxDOIdKpQ==",
      "requires": {
        "@protobufjs/aspromise": "^1.1.1",
        "@protobufjs/inquire": "^1.1.0"
      }
    },
    "@protobufjs/float": {
      "version": "1.0.2",
      "resolved": "https://registry.npmjs.org/@protobufjs/float/-/float-1.0.2.tgz",
      "integrity": "sha512-Ddb+kVXlXst9d+R9PfTIxh1EdNkgoRe5tOX6t01f1lYWOvJnSPDBlG241QLzcyPdoNTsblLUdujGSE4RzrTZGQ=="
    },
    "@protobufjs/inquire": {
      "version": "1.1.0",
      "resolved": "https://registry.npmjs.org/@protobufjs/inquire/-/inquire-1.1.0.tgz",
      "integrity": "sha512-kdSefcPdruJiFMVSbn801t4vFK7KB/5gd2fYvrxhuJYg8ILrmn9SKSX2tZdV6V+ksulWqS7aXjBcRXl3wHoD9Q=="
    },
    "@protobufjs/path": {
      "version": "1.1.2",
      "resolved": "https://registry.npmjs.org/@protobufjs/path/-/path-1.1.2.tgz",
      "integrity": "sha512-6JOcJ5Tm08dOHAbdR3GrvP+yUUfkjG5ePsHYczMFLq3ZmMkAD98cDgcT2iA1lJ9NVwFd4tH/iSSoe44YWkltEA=="
    },
    "@protobufjs/pool": {
      "version": "1.1.0",
      "resolved": "https://registry.npmjs.org/@protobufjs/pool/-/pool-1.1.0.tgz",
      "integrity": "sha512-0kELaGSIDBKvcgS4zkjz1PeddatrjYcmMWOlAuAPwAeccUrPHdUqo/J6LiymHHEiJT5NrF1UVwxY14f+fy4WQw=="
    },
    "@protobufjs/utf8": {
      "version": "1.1.0",
      "resolved": "https://registry.npmjs.org/@protobufjs/utf8/-/utf8-1.1.0.tgz",
      "integrity": "sha512-Vvn3zZrhQZkkBE8LSuW3em98c0FwgO4nxzv6OdSxPKJIEKY2bGbHn+mhGIPerzI4twdxaP8/0+06HBpwf345Lw=="
    },
    "@types/node": {
      "version": "18.8.0",
      "resolved": "https://registry.npmjs.org/@types/node/-/node-18.8.0.tgz",
      "integrity": "sha512-u+h43R6U8xXDt2vzUaVP3VwjjLyOJk6uEciZS8OSyziUQGOwmk+l+4drxcsDboHXwyTaqS1INebghmWMRxq3LA=="
    },
    "async-await-queue": {
      "version": "1.2.1",
      "resolved": "https://registry.npmjs.org/async-await-queue/-/async-await-queue-1.2.1.tgz",
      "integrity": "sha512-v2j+/EMzAnuJZ8I4570KJMFhi6G9g3WZyFh6cPnmQSJh3nLao77XpRt01kyFegQazPSKvue1yaIYDp/NfV/b0g=="
    },
    "events": {
      "version": "3.3.0",
      "resolved": "https://registry.npmjs.org/events/-/events-3.3.0.tgz",
      "integrity": "sha512-mQw+2fkQbALzQ7V0MY0IqdnXNOeTtP4r0lN9z7AAawCXgqea7bDii20AYrIBrFd/Hx0M2Ocz6S111CaFkUcb0Q=="
    },
    "livekit-client": {
      "version": "1.4.1",
      "resolved": "https://registry.npmjs.org/livekit-client/-/livekit-client-1.4.1.tgz",
      "integrity": "sha512-0k2Qx2cqQTr7v3Gg1Tet879b3ja1iF1BCk4oTv3n1zfAzROZvq5B1YFY29wIMVUKKXrZgL8VEkj9Fz2qcVrNOA==",
      "requires": {
        "async-await-queue": "^1.2.1",
        "events": "^3.3.0",
        "loglevel": "^1.8.0",
        "protobufjs": "^7.0.0",
        "sdp-transform": "^2.14.1",
        "ts-debounce": "^4.0.0",
        "typed-emitter": "^2.1.0",
        "ua-parser-js": "^1.0.2",
        "webrtc-adapter": "^8.1.1"
      }
    },
    "loglevel": {
      "version": "1.8.0",
      "resolved": "https://registry.npmjs.org/loglevel/-/loglevel-1.8.0.tgz",
      "integrity": "sha512-G6A/nJLRgWOuuwdNuA6koovfEV1YpqqAG4pRUlFaz3jj2QNZ8M4vBqnVA+HBTmU/AMNUtlOsMmSpF6NyOjztbA=="
    },
    "long": {
      "version": "5.2.0",
      "resolved": "https://registry.npmjs.org/long/-/long-5.2.0.tgz",
      "integrity": "sha512-9RTUNjK60eJbx3uz+TEGF7fUr29ZDxR5QzXcyDpeSfeH28S9ycINflOgOlppit5U+4kNTe83KQnMEerw7GmE8w=="
    },
    "protobufjs": {
      "version": "7.1.2",
      "resolved": "https://registry.npmjs.org/protobufjs/-/protobufjs-7.1.2.tgz",
      "integrity": "sha512-4ZPTPkXCdel3+L81yw3dG6+Kq3umdWKh7Dc7GW/CpNk4SX3hK58iPCWeCyhVTDrbkNeKrYNZ7EojM5WDaEWTLQ==",
      "requires": {
        "@protobufjs/aspromise": "^1.1.2",
        "@protobufjs/base64": "^1.1.2",
        "@protobufjs/codegen": "^2.0.4",
        "@protobufjs/eventemitter": "^1.1.0",
        "@protobufjs/fetch": "^1.1.0",
        "@protobufjs/float": "^1.0.2",
        "@protobufjs/inquire": "^1.1.0",
        "@protobufjs/path": "^1.1.2",
        "@protobufjs/pool": "^1.1.0",
        "@protobufjs/utf8": "^1.1.0",
        "@types/node": ">=13.7.0",
        "long": "^5.0.0"
      }
    },
    "rxjs": {
      "version": "7.5.7",
      "resolved": "https://registry.npmjs.org/rxjs/-/rxjs-7.5.7.tgz",
      "integrity": "sha512-z9MzKh/UcOqB3i20H6rtrlaE/CgjLOvheWK/9ILrbhROGTweAi1BaFsTT9FbwZi5Trr1qNRs+MXkhmR06awzQA==",
      "optional": true,
      "requires": {
        "tslib": "^2.1.0"
      }
    },
    "sdp": {
      "version": "3.0.3",
      "resolved": "https://registry.npmjs.org/sdp/-/sdp-3.0.3.tgz",
      "integrity": "sha512-8EkfckS+XZQaPLyChu4ey7PghrdcraCVNpJe2Gfdi2ON1ylQ7OasuKX+b37R9slnRChwIAiQgt+oj8xXGD8x+A=="
    },
    "sdp-transform": {
      "version": "2.14.1",
      "resolved": "https://registry.npmjs.org/sdp-transform/-/sdp-transform-2.14.1.tgz",
      "integrity": "sha512-RjZyX3nVwJyCuTo5tGPx+PZWkDMCg7oOLpSlhjDdZfwUoNqG1mM8nyj31IGHyaPWXhjbP7cdK3qZ2bmkJ1GzRw=="
    },
    "ts-debounce": {
      "version": "4.0.0",
      "resolved": "https://registry.npmjs.org/ts-debounce/-/ts-debounce-4.0.0.tgz",
      "integrity": "sha512-+1iDGY6NmOGidq7i7xZGA4cm8DAa6fqdYcvO5Z6yBevH++Bdo9Qt/mN0TzHUgcCcKv1gmh9+W5dHqz8pMWbCbg=="
    },
    "tslib": {
      "version": "2.4.0",
      "resolved": "https://registry.npmjs.org/tslib/-/tslib-2.4.0.tgz",
      "integrity": "sha512-d6xOpEDfsi2CZVlPQzGeux8XMwLT9hssAsaPYExaQMuYskwb+x1x7J371tWlbBdWHroy99KnVB6qIkUbs5X3UQ==",
      "optional": true
    },
    "typed-emitter": {
      "version": "2.1.0",
      "resolved": "https://registry.npmjs.org/typed-emitter/-/typed-emitter-2.1.0.tgz",
      "integrity": "sha512-g/KzbYKbH5C2vPkaXGu8DJlHrGKHLsM25Zg9WuC9pMGfuvT+X25tZQWo5fK1BjBm8+UrVE9LDCvaY0CQk+fXDA==",
      "requires": {
        "rxjs": "*"
      }
    },
    "typescript": {
      "version": "4.8.4",
      "resolved": "https://registry.npmjs.org/typescript/-/typescript-4.8.4.tgz",
      "integrity": "sha512-QCh+85mCy+h0IGff8r5XWzOVSbBO+KfeYrMQh7NJ58QujwcE22u+NUSmUxqF+un70P9GXKxa2HCNiTTMJknyjQ=="
    },
    "ua-parser-js": {
      "version": "1.0.2",
      "resolved": "https://registry.npmjs.org/ua-parser-js/-/ua-parser-js-1.0.2.tgz",
      "integrity": "sha512-00y/AXhx0/SsnI51fTc0rLRmafiGOM4/O+ny10Ps7f+j/b8p/ZY11ytMgznXkOVo4GQ+KwQG5UQLkLGirsACRg=="
    },
    "webrtc-adapter": {
      "version": "8.1.2",
      "resolved": "https://registry.npmjs.org/webrtc-adapter/-/webrtc-adapter-8.1.2.tgz",
      "integrity": "sha512-j1tsxKR/NmNgqrlLTL5jsNmFBrsIdTvBWZ2I1UAs/J37M1s1chLy1Fp7RfQHflHk3KoSNAxp/4y6ictHJ8prSw==",
      "requires": {
        "sdp": "^3.0.2"
      }
    }
  }
}
